
Microsoft Visual Studio Solution File, Format Version 12.00
# Visual Studio Version 17
VisualStudioVersion = 17.9.34728.123
MinimumVisualStudioVersion = 10.0.40219.1
Project("{9A19103F-16F7-4668-BE54-9A1E7A4F7556}") = "WalletApi", "WalletApi\WalletApi.csproj", "{042396D3-7787-4BB4-A085-F2729D61DB86}"
EndProject
Project("{FAE04EC0-301F-11D3-BF4B-00C04F79EFBC}") = "WalletApiTests", "WalletApiTests\WalletApiTests.csproj", "{5E8F1EC2-0094-4144-9813-C91FEAC11A74}"
EndProject
Global
	GlobalSection(SolutionConfigurationPlatforms) = preSolution
		Debug|Any CPU = Debug|Any CPU
		Release|Any CPU = Release|Any CPU
	EndGlobalSection
	GlobalSection(ProjectConfigurationPlatforms) = postSolution
		{042396D3-7787-4BB4-A085-F2729D61DB86}.Debug|Any CPU.ActiveCfg = Debug|Any CPU
		{042396D3-7787-4BB4-A085-F2729D61DB86}.Debug|Any CPU.Build.0 = Debug|Any CPU
		{042396D3-7787-4BB4-A085-F2729D61DB86}.Release|Any CPU.ActiveCfg = Release|Any CPU
		{042396D3-7787-4BB4-A085-F2729D61DB86}.Release|Any CPU.Build.0 = Release|Any CPU
		{5E8F1EC2-0094-4144-9813-C91FEAC11A74}.Debug|Any CPU.ActiveCfg = Debug|Any CPU
		{5E8F1EC2-0094-4144-9813-C91FEAC11A74}.Debug|Any CPU.Build.0 = Debug|Any CPU
		{5E8F1EC2-0094-4144-9813-C91FEAC11A74}.Release|Any CPU.ActiveCfg = Release|Any CPU
		{5E8F1EC2-0094-4144-9813-C91FEAC11A74}.Release|Any CPU.Build.0 = Release|Any CPU
	EndGlobalSection
	GlobalSection(SolutionProperties) = preSolution
		HideSolutionNode = FALSE
	EndGlobalSection
	GlobalSection(ExtensibilityGlobals) = postSolution
		SolutionGuid = {7E45D86D-1AD4-4D34-AEC7-6978998AF205}
	EndGlobalSection
EndGlobal
